{
  "name": "lca1-hardware-toolchain",
  "version": "0.1.0",
  "lockfileVersion": 3,
  "requires": true,
  "packages": {
    "": {
      "name": "lca1-hardware-toolchain",
      "version": "0.1.0",
      "dependencies": {
        "@yowasp/yosys": "0.68.1207"
      },
      "engines": {
        "node": "24.14.0",
        "npm": "11.9.0"
      }
    },
    "node_modules/@yowasp/yosys": {
      "version": "0.68.1207",
      "resolved": "https://registry.npmjs.org/@yowasp/yosys/-/yosys-0.68.1207.tgz",
      "integrity": "sha512-vYQS8naK0ikYIW8OIJrmXflnEO5emNKvoeGqZL2RlHzrlSfSredno8HOVTkhU5mLdV5RZORL4Whp03vqyTAXFA==",
      "license": "ISC"
    }
  }
}
